
Microsoft Visual Studio Solution File, Format Version 12.00
# Visual Studio Version 17
VisualStudioVersion = 17.11.35208.52
MinimumVisualStudioVersion = 10.0.40219.1
Project("{FAE04EC0-301F-11D3-BF4B-00C04F79EFBC}") = "CodePulse.API", "CodePulse.API\CodePulse.API.csproj", "{53B3E9CA-D140-46CB-BE8E-929B32432100}"
EndProject
Global
	GlobalSection(SolutionConfigurationPlatforms) = preSolution
		Debug|Any CPU = Debug|Any CPU
		Release|Any CPU = Release|Any CPU
	EndGlobalSection
	GlobalSection(ProjectConfigurationPlatforms) = postSolution
		{53B3E9CA-D140-46CB-BE8E-929B32432100}.Debug|Any CPU.ActiveCfg = Debug|Any CPU
		{53B3E9CA-D140-46CB-BE8E-929B32432100}.Debug|Any CPU.Build.0 = Debug|Any CPU
		{53B3E9CA-D140-46CB-BE8E-929B32432100}.Release|Any CPU.ActiveCfg = Release|Any CPU
		{53B3E9CA-D140-46CB-BE8E-929B32432100}.Release|Any CPU.Build.0 = Release|Any CPU
	EndGlobalSection
	GlobalSection(SolutionProperties) = preSolution
		HideSolutionNode = FALSE
	EndGlobalSection
	GlobalSection(ExtensibilityGlobals) = postSolution
		SolutionGuid = {73A9A2DF-D1AF-45B9-AA34-DA4E82E3C89D}
	EndGlobalSection
EndGlobal
